
Microsoft Visual Studio Solution File, Format Version 12.00
# Visual Studio Version 17
VisualStudioVersion = 17.14.36414.22
MinimumVisualStudioVersion = 10.0.40219.1
Project("{2150E333-8FDC-42A3-9474-1A3956D46DE8}") = "Task0", "Task0", "{02EA681E-C7D8-13C7-8484-4AC65E1B71E8}"
EndProject
Project("{FAE04EC0-301F-11D3-BF4B-00C04F79EFBC}") = "Tyuiu.ShakirovSA.Sprint0.Task0.V0", "Tyuiu.ShakirovSA.Sprint0.Task0.V0\Tyuiu.ShakirovSA.Sprint0.Task0.V0.csproj", "{FE5475CA-EB62-484D-AFCB-4A13EBED789C}"
EndProject
Project("{2150E333-8FDC-42A3-9474-1A3956D46DE8}") = "Task1", "Task1", "{2C7B1B30-C557-4D38-929D-AC57BD565F11}"
EndProject
Project("{FAE04EC0-301F-11D3-BF4B-00C04F79EFBC}") = "Tyuiu.ShakirovSA.Sprint0.Task1.V0", "Tyuiu.ShakirovSA.Sprint0.Task1.V0\Tyuiu.ShakirovSA.Sprint0.Task1.V0\Tyuiu.ShakirovSA.Sprint0.Task1.V0.csproj", "{35FEA808-29FB-4B4F-B3A5-9A0E81B5F80C}"
EndProject
Project("{2150E333-8FDC-42A3-9474-1A3956D46DE8}") = "Task2", "Task2", "{2C62CB3D-D8F7-4C9F-9C7B-ECFEABD1F75C}"
EndProject
Project("{FAE04EC0-301F-11D3-BF4B-00C04F79EFBC}") = "Tyuiu.ShakirovSA.Sprint0.Task2.V0.Test", "TestProject1\Tyuiu.ShakirovSA.Sprint0.Task2.V0.Test.csproj", "{AC9C56A9-2C76-4355-9178-556BCDFC306D}"
EndProject
Project("{FAE04EC0-301F-11D3-BF4B-00C04F79EFBC}") = "Tyuiu.ShakirovSA.Sprint0.Task2.V0.Lib", "ClassLibrary1\Tyuiu.ShakirovSA.Sprint0.Task2.V0.Lib.csproj", "{50973212-4834-41CB-AFA6-8BA6B8F8986B}"
EndProject
Project("{FAE04EC0-301F-11D3-BF4B-00C04F79EFBC}") = "Tyuiu.ShakirovSA.Sprint0.Task2.V0", "Tyuiu.ShakirovSA.Sprint0.Task2.V0\Tyuiu.ShakirovSA.Sprint0.Task2.V0\Tyuiu.ShakirovSA.Sprint0.Task2.V0.csproj", "{D2EC758B-7C59-467E-8AEB-E34BBC728AF8}"
EndProject
Project("{2150E333-8FDC-42A3-9474-1A3956D46DE8}") = "Task3", "Task3", "{1D5D2869-71B6-4685-BD76-14FE5420E400}"
EndProject
Project("{FAE04EC0-301F-11D3-BF4B-00C04F79EFBC}") = "Tyuiu.ShakirovSA.Sprint0.Task3.V0", "Tyuiu.ShakirovSA.Sprint0.Task3.V0\Tyuiu.ShakirovSA.Sprint0.Task3.V0.csproj", "{D77F752B-6198-4FDF-B134-77ED617353B6}"
EndProject
Project("{FAE04EC0-301F-11D3-BF4B-00C04F79EFBC}") = "Tyuiu.ShakirovSA.Sprint0.Task3.V0.Lib", "Tyuiu.ShakirovSA.Sprint0.Task3.V0.Lib\Tyuiu.ShakirovSA.Sprint0.Task3.V0.Lib.csproj", "{79547A9B-F287-419E-AE9A-2E16E775EF4A}"
EndProject
Project("{FAE04EC0-301F-11D3-BF4B-00C04F79EFBC}") = "Tyuiu.ShakirovSA.Sprint0.Task3.V0.Test", "Tyuiu.ShakirovSA.Sprint0.Task3.V0.Test\Tyuiu.ShakirovSA.Sprint0.Task3.V0.Test.csproj", "{196CF1E4-9DE9-49D5-8A26-A6AD8BD6D8B2}"
EndProject
Project("{2150E333-8FDC-42A3-9474-1A3956D46DE8}") = "Task4", "Task4", "{13C70A85-75A4-4516-93C2-E8BF93E186A4}"
EndProject
Project("{FAE04EC0-301F-11D3-BF4B-00C04F79EFBC}") = "Tyuiu.ShakirovSA.Sprint0.Task4.V0.Test", "Tyuiu.ShakirovSA.Sprint0.Task4.V0.Test\Tyuiu.ShakirovSA.Sprint0.Task4.V0.Test.csproj", "{A724421B-2D39-4141-9C02-07612AFB5B0B}"
EndProject
Project("{FAE04EC0-301F-11D3-BF4B-00C04F79EFBC}") = "Tyuiu.ShakirovSA.Sprint0.Task4.V0.Lib", "Tyuiu.ShakirovSA.Sprint0.Task4.V0.Lib\Tyuiu.ShakirovSA.Sprint0.Task4.V0.Lib.csproj", "{C1B26306-9C50-42F2-A4DB-3EFA36510B8E}"
EndProject
Project("{FAE04EC0-301F-11D3-BF4B-00C04F79EFBC}") = "Tyuiu.ShakirovSA.Sprint0.Task4.V0", "Tyuiu.ShakirovSA.Sprint0.Task4.V0\Tyuiu.ShakirovSA.Sprint0.Task4.V0.csproj", "{8806104A-DABF-4460-93EA-0D39DFAA78DC}"
EndProject
Project("{2150E333-8FDC-42A3-9474-1A3956D46DE8}") = "Task5", "Task5", "{E8D8086F-AF30-41AE-8B7D-3253E17C58D3}"
EndProject
Project("{FAE04EC0-301F-11D3-BF4B-00C04F79EFBC}") = "Tyuiu.ShakirovSA.Sprint0.Task5.V0", "Tyuiu.ShakirovSA.Sprint0.Task5.V0\Tyuiu.ShakirovSA.Sprint0.Task5.V0.csproj", "{12124789-3559-4BA6-9884-F1F903910F6D}"
EndProject
Project("{FAE04EC0-301F-11D3-BF4B-00C04F79EFBC}") = "Tyuiu.ShakirovSA.Sprint0.Task5.V0.Lib", "Tyuiu.ShakirovSA.Sprint0.Task5.V0.Lib\Tyuiu.ShakirovSA.Sprint0.Task5.V0.Lib.csproj", "{7C9759EB-709A-4D70-A49B-441A1541954E}"
EndProject
Project("{FAE04EC0-301F-11D3-BF4B-00C04F79EFBC}") = "Tyuiu.ShakirovSA.Sprint0.Task5.V0.Test", "Tyuiu.ShakirovSA.Sprint0.Task5.V0.Test\Tyuiu.ShakirovSA.Sprint0.Task5.V0.Test.csproj", "{F13FC40D-FA72-4938-9258-EE66CBA22E88}"
EndProject
Project("{2150E333-8FDC-42A3-9474-1A3956D46DE8}") = "Task6", "Task6", "{2EE968D2-9432-45FD-A7DF-0CBE5EA548EF}"
EndProject
Project("{FAE04EC0-301F-11D3-BF4B-00C04F79EFBC}") = "Tyuiu.ShakirovSA.Sprint0.Task6.V0.Test", "Tyuiu.ShakirovSA.Sprint0.Task6.V0.Test\Tyuiu.ShakirovSA.Sprint0.Task6.V0.Test.csproj", "{4A1FDD48-D51A-4762-9750-7DF787672146}"
EndProject
Project("{FAE04EC0-301F-11D3-BF4B-00C04F79EFBC}") = "Tyuiu.ShakirovSA.Sprint0.Task6.V0.Lib", "Tyuiu.ShakirovSA.Sprint0.Task6.V0.Lib\Tyuiu.ShakirovSA.Sprint0.Task6.V0.Lib.csproj", "{2E158221-2B69-40C7-882E-8C5D36027047}"
EndProject
Project("{FAE04EC0-301F-11D3-BF4B-00C04F79EFBC}") = "Tyuiu.ShakirovSA.Sprint0.Task6.V0", "Tyuiu.ShakirovSA.Sprint0.Task6.V0\Tyuiu.ShakirovSA.Sprint0.Task6.V0.csproj", "{A308DE71-0115-40FB-8D13-4D007619E764}"
EndProject
Project("{2150E333-8FDC-42A3-9474-1A3956D46DE8}") = "Task7", "Task7", "{2F5B4418-3480-4BA7-8275-D42B2389B0F0}"
EndProject
Project("{FAE04EC0-301F-11D3-BF4B-00C04F79EFBC}") = "Tyuiu.ShakirovSA.Sprint0.Task7.V0", "Tyuiu.ShakirovSA.Sprint0.Task7.V0\Tyuiu.ShakirovSA.Sprint0.Task7.V0.csproj", "{4DF59B8A-2F44-465C-B382-72833F106734}"
EndProject
Project("{FAE04EC0-301F-11D3-BF4B-00C04F79EFBC}") = "Tyuiu.ShakirovSA.Sprint0.Task7.V0.Lib", "Tyuiu.ShakirovSA.Sprint0.Task7.V0.Lib\Tyuiu.ShakirovSA.Sprint0.Task7.V0.Lib.csproj", "{4B197255-A295-4625-B8BF-D9C26D1D06DC}"
EndProject
Project("{FAE04EC0-301F-11D3-BF4B-00C04F79EFBC}") = "Tyuiu.ShakirovSA.Sprint0.Task7.V0.Test", "Tyuiu.ShakirovSA.Sprint0.Task7.V0.Test\Tyuiu.ShakirovSA.Sprint0.Task7.V0.Test.csproj", "{C7B62826-A7EC-4E3C-9C11-3C3B639EC445}"
EndProject
Global
	GlobalSection(SolutionConfigurationPlatforms) = preSolution
		Debug|Any CPU = Debug|Any CPU
		Release|Any CPU = Release|Any CPU
	EndGlobalSection
	GlobalSection(ProjectConfigurationPlatforms) = postSolution
		{FE5475CA-EB62-484D-AFCB-4A13EBED789C}.Debug|Any CPU.ActiveCfg = Debug|Any CPU
		{FE5475CA-EB62-484D-AFCB-4A13EBED789C}.Debug|Any CPU.Build.0 = Debug|Any CPU
		{FE5475CA-EB62-484D-AFCB-4A13EBED789C}.Release|Any CPU.ActiveCfg = Release|Any CPU
		{FE5475CA-EB62-484D-AFCB-4A13EBED789C}.Release|Any CPU.Build.0 = Release|Any CPU
		{35FEA808-29FB-4B4F-B3A5-9A0E81B5F80C}.Debug|Any CPU.ActiveCfg = Debug|Any CPU
		{35FEA808-29FB-4B4F-B3A5-9A0E81B5F80C}.Debug|Any CPU.Build.0 = Debug|Any CPU
		{35FEA808-29FB-4B4F-B3A5-9A0E81B5F80C}.Release|Any CPU.ActiveCfg = Release|Any CPU
		{35FEA808-29FB-4B4F-B3A5-9A0E81B5F80C}.Release|Any CPU.Build.0 = Release|Any CPU
		{AC9C56A9-2C76-4355-9178-556BCDFC306D}.Debug|Any CPU.ActiveCfg = Debug|Any CPU
		{AC9C56A9-2C76-4355-9178-556BCDFC306D}.Debug|Any CPU.Build.0 = Debug|Any CPU
		{AC9C56A9-2C76-4355-9178-556BCDFC306D}.Release|Any CPU.ActiveCfg = Release|Any CPU
		{AC9C56A9-2C76-4355-9178-556BCDFC306D}.Release|Any CPU.Build.0 = Release|Any CPU
		{50973212-4834-41CB-AFA6-8BA6B8F8986B}.Debug|Any CPU.ActiveCfg = Debug|Any CPU
		{50973212-4834-41CB-AFA6-8BA6B8F8986B}.Debug|Any CPU.Build.0 = Debug|Any CPU
		{50973212-4834-41CB-AFA6-8BA6B8F8986B}.Release|Any CPU.ActiveCfg = Release|Any CPU
		{50973212-4834-41CB-AFA6-8BA6B8F8986B}.Release|Any CPU.Build.0 = Release|Any CPU
		{D2EC758B-7C59-467E-8AEB-E34BBC728AF8}.Debug|Any CPU.ActiveCfg = Debug|Any CPU
		{D2EC758B-7C59-467E-8AEB-E34BBC728AF8}.Debug|Any CPU.Build.0 = Debug|Any CPU
		{D2EC758B-7C59-467E-8AEB-E34BBC728AF8}.Release|Any CPU.ActiveCfg = Release|Any CPU
		{D2EC758B-7C59-467E-8AEB-E34BBC728AF8}.Release|Any CPU.Build.0 = Release|Any CPU
		{D77F752B-6198-4FDF-B134-77ED617353B6}.Debug|Any CPU.ActiveCfg = Debug|Any CPU
		{D77F752B-6198-4FDF-B134-77ED617353B6}.Debug|Any CPU.Build.0 = Debug|Any CPU
		{D77F752B-6198-4FDF-B134-77ED617353B6}.Release|Any CPU.ActiveCfg = Release|Any CPU
		{D77F752B-6198-4FDF-B134-77ED617353B6}.Release|Any CPU.Build.0 = Release|Any CPU
		{79547A9B-F287-419E-AE9A-2E16E775EF4A}.Debug|Any CPU.ActiveCfg = Debug|Any CPU
		{79547A9B-F287-419E-AE9A-2E16E775EF4A}.Debug|Any CPU.Build.0 = Debug|Any CPU
		{79547A9B-F287-419E-AE9A-2E16E775EF4A}.Release|Any CPU.ActiveCfg = Release|Any CPU
		{79547A9B-F287-419E-AE9A-2E16E775EF4A}.Release|Any CPU.Build.0 = Release|Any CPU
		{196CF1E4-9DE9-49D5-8A26-A6AD8BD6D8B2}.Debug|Any CPU.ActiveCfg = Debug|Any CPU
		{196CF1E4-9DE9-49D5-8A26-A6AD8BD6D8B2}.Debug|Any CPU.Build.0 = Debug|Any CPU
		{196CF1E4-9DE9-49D5-8A26-A6AD8BD6D8B2}.Release|Any CPU.ActiveCfg = Release|Any CPU
		{196CF1E4-9DE9-49D5-8A26-A6AD8BD6D8B2}.Release|Any CPU.Build.0 = Release|Any CPU
		{A724421B-2D39-4141-9C02-07612AFB5B0B}.Debug|Any CPU.ActiveCfg = Debug|Any CPU
		{A724421B-2D39-4141-9C02-07612AFB5B0B}.Debug|Any CPU.Build.0 = Debug|Any CPU
		{A724421B-2D39-4141-9C02-07612AFB5B0B}.Release|Any CPU.ActiveCfg = Release|Any CPU
		{A724421B-2D39-4141-9C02-07612AFB5B0B}.Release|Any CPU.Build.0 = Release|Any CPU
		{C1B26306-9C50-42F2-A4DB-3EFA36510B8E}.Debug|Any CPU.ActiveCfg = Debug|Any CPU
		{C1B26306-9C50-42F2-A4DB-3EFA36510B8E}.Debug|Any CPU.Build.0 = Debug|Any CPU
		{C1B26306-9C50-42F2-A4DB-3EFA36510B8E}.Release|Any CPU.ActiveCfg = Release|Any CPU
		{C1B26306-9C50-42F2-A4DB-3EFA36510B8E}.Release|Any CPU.Build.0 = Release|Any CPU
		{8806104A-DABF-4460-93EA-0D39DFAA78DC}.Debug|Any CPU.ActiveCfg = Debug|Any CPU
		{8806104A-DABF-4460-93EA-0D39DFAA78DC}.Debug|Any CPU.Build.0 = Debug|Any CPU
		{8806104A-DABF-4460-93EA-0D39DFAA78DC}.Release|Any CPU.ActiveCfg = Release|Any CPU
		{8806104A-DABF-4460-93EA-0D39DFAA78DC}.Release|Any CPU.Build.0 = Release|Any CPU
		{12124789-3559-4BA6-9884-F1F903910F6D}.Debug|Any CPU.ActiveCfg = Debug|Any CPU
		{12124789-3559-4BA6-9884-F1F903910F6D}.Debug|Any CPU.Build.0 = Debug|Any CPU
		{12124789-3559-4BA6-9884-F1F903910F6D}.Release|Any CPU.ActiveCfg = Release|Any CPU
		{12124789-3559-4BA6-9884-F1F903910F6D}.Release|Any CPU.Build.0 = Release|Any CPU
		{7C9759EB-709A-4D70-A49B-441A1541954E}.Debug|Any CPU.ActiveCfg = Debug|Any CPU
		{7C9759EB-709A-4D70-A49B-441A1541954E}.Debug|Any CPU.Build.0 = Debug|Any CPU
		{7C9759EB-709A-4D70-A49B-441A1541954E}.Release|Any CPU.ActiveCfg = Release|Any CPU
		{7C9759EB-709A-4D70-A49B-441A1541954E}.Release|Any CPU.Build.0 = Release|Any CPU
		{F13FC40D-FA72-4938-9258-EE66CBA22E88}.Debug|Any CPU.ActiveCfg = Debug|Any CPU
		{F13FC40D-FA72-4938-9258-EE66CBA22E88}.Debug|Any CPU.Build.0 = Debug|Any CPU
		{F13FC40D-FA72-4938-9258-EE66CBA22E88}.Release|Any CPU.ActiveCfg = Release|Any CPU
		{F13FC40D-FA72-4938-9258-EE66CBA22E88}.Release|Any CPU.Build.0 = Release|Any CPU
		{4A1FDD48-D51A-4762-9750-7DF787672146}.Debug|Any CPU.ActiveCfg = Debug|Any CPU
		{4A1FDD48-D51A-4762-9750-7DF787672146}.Debug|Any CPU.Build.0 = Debug|Any CPU
		{4A1FDD48-D51A-4762-9750-7DF787672146}.Release|Any CPU.ActiveCfg = Release|Any CPU
		{4A1FDD48-D51A-4762-9750-7DF787672146}.Release|Any CPU.Build.0 = Release|Any CPU
		{2E158221-2B69-40C7-882E-8C5D36027047}.Debug|Any CPU.ActiveCfg = Debug|Any CPU
		{2E158221-2B69-40C7-882E-8C5D36027047}.Debug|Any CPU.Build.0 = Debug|Any CPU
		{2E158221-2B69-40C7-882E-8C5D36027047}.Release|Any CPU.ActiveCfg = Release|Any CPU
		{2E158221-2B69-40C7-882E-8C5D36027047}.Release|Any CPU.Build.0 = Release|Any CPU
		{A308DE71-0115-40FB-8D13-4D007619E764}.Debug|Any CPU.ActiveCfg = Debug|Any CPU
		{A308DE71-0115-40FB-8D13-4D007619E764}.Debug|Any CPU.Build.0 = Debug|Any CPU
		{A308DE71-0115-40FB-8D13-4D007619E764}.Release|Any CPU.ActiveCfg = Release|Any CPU
		{A308DE71-0115-40FB-8D13-4D007619E764}.Release|Any CPU.Build.0 = Release|Any CPU
		{4DF59B8A-2F44-465C-B382-72833F106734}.Debug|Any CPU.ActiveCfg = Debug|Any CPU
		{4DF59B8A-2F44-465C-B382-72833F106734}.Debug|Any CPU.Build.0 = Debug|Any CPU
		{4DF59B8A-2F44-465C-B382-72833F106734}.Release|Any CPU.ActiveCfg = Release|Any CPU
		{4DF59B8A-2F44-465C-B382-72833F106734}.Release|Any CPU.Build.0 = Release|Any CPU
		{4B197255-A295-4625-B8BF-D9C26D1D06DC}.Debug|Any CPU.ActiveCfg = Debug|Any CPU
		{4B197255-A295-4625-B8BF-D9C26D1D06DC}.Debug|Any CPU.Build.0 = Debug|Any CPU
		{4B197255-A295-4625-B8BF-D9C26D1D06DC}.Release|Any CPU.ActiveCfg = Release|Any CPU
		{4B197255-A295-4625-B8BF-D9C26D1D06DC}.Release|Any CPU.Build.0 = Release|Any CPU
		{C7B62826-A7EC-4E3C-9C11-3C3B639EC445}.Debug|Any CPU.ActiveCfg = Debug|Any CPU
		{C7B62826-A7EC-4E3C-9C11-3C3B639EC445}.Debug|Any CPU.Build.0 = Debug|Any CPU
		{C7B62826-A7EC-4E3C-9C11-3C3B639EC445}.Release|Any CPU.ActiveCfg = Release|Any CPU
		{C7B62826-A7EC-4E3C-9C11-3C3B639EC445}.Release|Any CPU.Build.0 = Release|Any CPU
	EndGlobalSection
	GlobalSection(SolutionProperties) = preSolution
		HideSolutionNode = FALSE
	EndGlobalSection
	GlobalSection(NestedProjects) = preSolution
		{FE5475CA-EB62-484D-AFCB-4A13EBED789C} = {02EA681E-C7D8-13C7-8484-4AC65E1B71E8}
		{35FEA808-29FB-4B4F-B3A5-9A0E81B5F80C} = {2C7B1B30-C557-4D38-929D-AC57BD565F11}
		{AC9C56A9-2C76-4355-9178-556BCDFC306D} = {2C62CB3D-D8F7-4C9F-9C7B-ECFEABD1F75C}
		{50973212-4834-41CB-AFA6-8BA6B8F8986B} = {2C62CB3D-D8F7-4C9F-9C7B-ECFEABD1F75C}
		{D2EC758B-7C59-467E-8AEB-E34BBC728AF8} = {2C62CB3D-D8F7-4C9F-9C7B-ECFEABD1F75C}
		{D77F752B-6198-4FDF-B134-77ED617353B6} = {1D5D2869-71B6-4685-BD76-14FE5420E400}
		{79547A9B-F287-419E-AE9A-2E16E775EF4A} = {1D5D2869-71B6-4685-BD76-14FE5420E400}
		{196CF1E4-9DE9-49D5-8A26-A6AD8BD6D8B2} = {1D5D2869-71B6-4685-BD76-14FE5420E400}
		{A724421B-2D39-4141-9C02-07612AFB5B0B} = {13C70A85-75A4-4516-93C2-E8BF93E186A4}
		{C1B26306-9C50-42F2-A4DB-3EFA36510B8E} = {13C70A85-75A4-4516-93C2-E8BF93E186A4}
		{8806104A-DABF-4460-93EA-0D39DFAA78DC} = {13C70A85-75A4-4516-93C2-E8BF93E186A4}
		{12124789-3559-4BA6-9884-F1F903910F6D} = {E8D8086F-AF30-41AE-8B7D-3253E17C58D3}
		{7C9759EB-709A-4D70-A49B-441A1541954E} = {E8D8086F-AF30-41AE-8B7D-3253E17C58D3}
		{F13FC40D-FA72-4938-9258-EE66CBA22E88} = {E8D8086F-AF30-41AE-8B7D-3253E17C58D3}
		{4A1FDD48-D51A-4762-9750-7DF787672146} = {2EE968D2-9432-45FD-A7DF-0CBE5EA548EF}
		{2E158221-2B69-40C7-882E-8C5D36027047} = {2EE968D2-9432-45FD-A7DF-0CBE5EA548EF}
		{A308DE71-0115-40FB-8D13-4D007619E764} = {2EE968D2-9432-45FD-A7DF-0CBE5EA548EF}
		{4DF59B8A-2F44-465C-B382-72833F106734} = {2F5B4418-3480-4BA7-8275-D42B2389B0F0}
		{4B197255-A295-4625-B8BF-D9C26D1D06DC} = {2F5B4418-3480-4BA7-8275-D42B2389B0F0}
		{C7B62826-A7EC-4E3C-9C11-3C3B639EC445} = {2F5B4418-3480-4BA7-8275-D42B2389B0F0}
	EndGlobalSection
	GlobalSection(ExtensibilityGlobals) = postSolution
		SolutionGuid = {E7795DFA-BEF4-48E6-A60F-FCA30BCB104C}
	EndGlobalSection
EndGlobal
